
Microsoft Visual Studio Solution File, Format Version 12.00
# Visual Studio Version 17
VisualStudioVersion = 17.0.32126.317
MinimumVisualStudioVersion = 10.0.40219.1
Project("{8BC9CEB8-8B4A-11D0-8D11-00A0C91BC942}") = "Lesson1", "Lesson1\Lesson1.vcxproj", "{D0D77CB8-D892-4DB3-BE1A-FA75B28BBA10}"
EndProject
Project("{8BC9CEB8-8B4A-11D0-8D11-00A0C91BC942}") = "Lesson2", "Lesson2\Lesson2.vcxproj", "{FCC7BDDD-8DF4-4A52-ABD0-31BC2E42DB02}"
EndProject
Project("{8BC9CEB8-8B4A-11D0-8D11-00A0C91BC942}") = "Lesson3", "Lesson3\Lesson3.vcxproj", "{38AD9710-B4A5-4D23-81F4-1739A3AF2C1B}"
EndProject
Project("{8BC9CEB8-8B4A-11D0-8D11-00A0C91BC942}") = "Lesson4", "Lesson4\Lesson4.vcxproj", "{45EB1F59-5597-4C99-BAD9-2A40248B18AD}"
EndProject
Project("{8BC9CEB8-8B4A-11D0-8D11-00A0C91BC942}") = "Lesson5", "Lesson5\Lesson5.vcxproj", "{C4A241E5-EAAE-474B-9D21-073DA32AF4D0}"
EndProject
Project("{8BC9CEB8-8B4A-11D0-8D11-00A0C91BC942}") = "Lesson6", "Lesson6\Lesson6.vcxproj", "{3398B05D-9BBF-487D-BC73-8256DCAE0285}"
EndProject
Project("{8BC9CEB8-8B4A-11D0-8D11-00A0C91BC942}") = "Lesson7", "Lesson7\Lesson7.vcxproj", "{70908F18-8439-4A8A-9093-34A1AD09461B}"
EndProject
Global
	GlobalSection(SolutionConfigurationPlatforms) = preSolution
		Debug|x64 = Debug|x64
		Debug|x86 = Debug|x86
		Release|x64 = Release|x64
		Release|x86 = Release|x86
	EndGlobalSection
	GlobalSection(ProjectConfigurationPlatforms) = postSolution
		{D0D77CB8-D892-4DB3-BE1A-FA75B28BBA10}.Debug|x64.ActiveCfg = Debug|x64
		{D0D77CB8-D892-4DB3-BE1A-FA75B28BBA10}.Debug|x64.Build.0 = Debug|x64
		{D0D77CB8-D892-4DB3-BE1A-FA75B28BBA10}.Debug|x86.ActiveCfg = Debug|Win32
		{D0D77CB8-D892-4DB3-BE1A-FA75B28BBA10}.Debug|x86.Build.0 = Debug|Win32
		{D0D77CB8-D892-4DB3-BE1A-FA75B28BBA10}.Release|x64.ActiveCfg = Release|x64
		{D0D77CB8-D892-4DB3-BE1A-FA75B28BBA10}.Release|x64.Build.0 = Release|x64
		{D0D77CB8-D892-4DB3-BE1A-FA75B28BBA10}.Release|x86.ActiveCfg = Release|Win32
		{D0D77CB8-D892-4DB3-BE1A-FA75B28BBA10}.Release|x86.Build.0 = Release|Win32
		{FCC7BDDD-8DF4-4A52-ABD0-31BC2E42DB02}.Debug|x64.ActiveCfg = Debug|x64
		{FCC7BDDD-8DF4-4A52-ABD0-31BC2E42DB02}.Debug|x64.Build.0 = Debug|x64
		{FCC7BDDD-8DF4-4A52-ABD0-31BC2E42DB02}.Debug|x86.ActiveCfg = Debug|Win32
		{FCC7BDDD-8DF4-4A52-ABD0-31BC2E42DB02}.Debug|x86.Build.0 = Debug|Win32
		{FCC7BDDD-8DF4-4A52-ABD0-31BC2E42DB02}.Release|x64.ActiveCfg = Release|x64
		{FCC7BDDD-8DF4-4A52-ABD0-31BC2E42DB02}.Release|x64.Build.0 = Release|x64
		{FCC7BDDD-8DF4-4A52-ABD0-31BC2E42DB02}.Release|x86.ActiveCfg = Release|Win32
		{FCC7BDDD-8DF4-4A52-ABD0-31BC2E42DB02}.Release|x86.Build.0 = Release|Win32
		{38AD9710-B4A5-4D23-81F4-1739A3AF2C1B}.Debug|x64.ActiveCfg = Debug|x64
		{38AD9710-B4A5-4D23-81F4-1739A3AF2C1B}.Debug|x64.Build.0 = Debug|x64
		{38AD9710-B4A5-4D23-81F4-1739A3AF2C1B}.Debug|x86.ActiveCfg = Debug|Win32
		{38AD9710-B4A5-4D23-81F4-1739A3AF2C1B}.Debug|x86.Build.0 = Debug|Win32
		{38AD9710-B4A5-4D23-81F4-1739A3AF2C1B}.Release|x64.ActiveCfg = Release|x64
		{38AD9710-B4A5-4D23-81F4-1739A3AF2C1B}.Release|x64.Build.0 = Release|x64
		{38AD9710-B4A5-4D23-81F4-1739A3AF2C1B}.Release|x86.ActiveCfg = Release|Win32
		{38AD9710-B4A5-4D23-81F4-1739A3AF2C1B}.Release|x86.Build.0 = Release|Win32
		{45EB1F59-5597-4C99-BAD9-2A40248B18AD}.Debug|x64.ActiveCfg = Debug|x64
		{45EB1F59-5597-4C99-BAD9-2A40248B18AD}.Debug|x64.Build.0 = Debug|x64
		{45EB1F59-5597-4C99-BAD9-2A40248B18AD}.Debug|x86.ActiveCfg = Debug|Win32
		{45EB1F59-5597-4C99-BAD9-2A40248B18AD}.Debug|x86.Build.0 = Debug|Win32
		{45EB1F59-5597-4C99-BAD9-2A40248B18AD}.Release|x64.ActiveCfg = Release|x64
		{45EB1F59-5597-4C99-BAD9-2A40248B18AD}.Release|x64.Build.0 = Release|x64
		{45EB1F59-5597-4C99-BAD9-2A40248B18AD}.Release|x86.ActiveCfg = Release|Win32
		{45EB1F59-5597-4C99-BAD9-2A40248B18AD}.Release|x86.Build.0 = Release|Win32
		{C4A241E5-EAAE-474B-9D21-073DA32AF4D0}.Debug|x64.ActiveCfg = Debug|x64
		{C4A241E5-EAAE-474B-9D21-073DA32AF4D0}.Debug|x64.Build.0 = Debug|x64
		{C4A241E5-EAAE-474B-9D21-073DA32AF4D0}.Debug|x86.ActiveCfg = Debug|Win32
		{C4A241E5-EAAE-474B-9D21-073DA32AF4D0}.Debug|x86.Build.0 = Debug|Win32
		{C4A241E5-EAAE-474B-9D21-073DA32AF4D0}.Release|x64.ActiveCfg = Release|x64
		{C4A241E5-EAAE-474B-9D21-073DA32AF4D0}.Release|x64.Build.0 = Release|x64
		{C4A241E5-EAAE-474B-9D21-073DA32AF4D0}.Release|x86.ActiveCfg = Release|Win32
		{C4A241E5-EAAE-474B-9D21-073DA32AF4D0}.Release|x86.Build.0 = Release|Win32
		{3398B05D-9BBF-487D-BC73-8256DCAE0285}.Debug|x64.ActiveCfg = Debug|x64
		{3398B05D-9BBF-487D-BC73-8256DCAE0285}.Debug|x64.Build.0 = Debug|x64
		{3398B05D-9BBF-487D-BC73-8256DCAE0285}.Debug|x86.ActiveCfg = Debug|Win32
		{3398B05D-9BBF-487D-BC73-8256DCAE0285}.Debug|x86.Build.0 = Debug|Win32
		{3398B05D-9BBF-487D-BC73-8256DCAE0285}.Release|x64.ActiveCfg = Release|x64
		{3398B05D-9BBF-487D-BC73-8256DCAE0285}.Release|x64.Build.0 = Release|x64
		{3398B05D-9BBF-487D-BC73-8256DCAE0285}.Release|x86.ActiveCfg = Release|Win32
		{3398B05D-9BBF-487D-BC73-8256DCAE0285}.Release|x86.Build.0 = Release|Win32
		{70908F18-8439-4A8A-9093-34A1AD09461B}.Debug|x64.ActiveCfg = Debug|x64
		{70908F18-8439-4A8A-9093-34A1AD09461B}.Debug|x64.Build.0 = Debug|x64
		{70908F18-8439-4A8A-9093-34A1AD09461B}.Debug|x86.ActiveCfg = Debug|Win32
		{70908F18-8439-4A8A-9093-34A1AD09461B}.Debug|x86.Build.0 = Debug|Win32
		{70908F18-8439-4A8A-9093-34A1AD09461B}.Release|x64.ActiveCfg = Release|x64
		{70908F18-8439-4A8A-9093-34A1AD09461B}.Release|x64.Build.0 = Release|x64
		{70908F18-8439-4A8A-9093-34A1AD09461B}.Release|x86.ActiveCfg = Release|Win32
		{70908F18-8439-4A8A-9093-34A1AD09461B}.Release|x86.Build.0 = Release|Win32
	EndGlobalSection
	GlobalSection(SolutionProperties) = preSolution
		HideSolutionNode = FALSE
	EndGlobalSection
	GlobalSection(ExtensibilityGlobals) = postSolution
		SolutionGuid = {7FB39B58-931B-4D4A-9296-7DEC81B9C379}
	EndGlobalSection
EndGlobal
